
Microsoft Visual Studio Solution File, Format Version 12.00
# Visual Studio 2012
Project("{FAE04EC0-301F-11D3-BF4B-00C04F79EFBC}") = "AdList", "AdList\AdList.csproj", "{05DF57F1-8C2B-4C9A-B404-2B70AD44754C}"
EndProject
Project("{FAE04EC0-301F-11D3-BF4B-00C04F79EFBC}") = "Client", "Client\Client.csproj", "{819B9037-246E-4F4B-830C-B696A9025CA3}"
EndProject
Global
	GlobalSection(SolutionConfigurationPlatforms) = preSolution
		Debug|Any CPU = Debug|Any CPU
		Release|Any CPU = Release|Any CPU
	EndGlobalSection
	GlobalSection(ProjectConfigurationPlatforms) = postSolution
		{05DF57F1-8C2B-4C9A-B404-2B70AD44754C}.Debug|Any CPU.ActiveCfg = Debug|Any CPU
		{05DF57F1-8C2B-4C9A-B404-2B70AD44754C}.Debug|Any CPU.Build.0 = Debug|Any CPU
		{05DF57F1-8C2B-4C9A-B404-2B70AD44754C}.Release|Any CPU.ActiveCfg = Release|Any CPU
		{05DF57F1-8C2B-4C9A-B404-2B70AD44754C}.Release|Any CPU.Build.0 = Release|Any CPU
		{819B9037-246E-4F4B-830C-B696A9025CA3}.Debug|Any CPU.ActiveCfg = Debug|Any CPU
		{819B9037-246E-4F4B-830C-B696A9025CA3}.Debug|Any CPU.Build.0 = Debug|Any CPU
		{819B9037-246E-4F4B-830C-B696A9025CA3}.Release|Any CPU.ActiveCfg = Release|Any CPU
		{819B9037-246E-4F4B-830C-B696A9025CA3}.Release|Any CPU.Build.0 = Release|Any CPU
	EndGlobalSection
	GlobalSection(SolutionProperties) = preSolution
		HideSolutionNode = FALSE
	EndGlobalSection
EndGlobal
