
Microsoft Visual Studio Solution File, Format Version 12.00
# Visual Studio 2012
Project("{FAE04EC0-301F-11D3-BF4B-00C04F79EFBC}") = "Conf", "Conf\Conf.csproj", "{AC523AE6-98D5-4B9B-8BEE-827C3DC9FE00}"
EndProject
Project("{FAE04EC0-301F-11D3-BF4B-00C04F79EFBC}") = "ConfTest", "ConfTest\ConfTest.csproj", "{1F999FEC-A4B6-48A6-B43F-390E17426DC7}"
EndProject
Global
	GlobalSection(SolutionConfigurationPlatforms) = preSolution
		Debug|Any CPU = Debug|Any CPU
		Release|Any CPU = Release|Any CPU
	EndGlobalSection
	GlobalSection(ProjectConfigurationPlatforms) = postSolution
		{AC523AE6-98D5-4B9B-8BEE-827C3DC9FE00}.Debug|Any CPU.ActiveCfg = Debug|Any CPU
		{AC523AE6-98D5-4B9B-8BEE-827C3DC9FE00}.Debug|Any CPU.Build.0 = Debug|Any CPU
		{AC523AE6-98D5-4B9B-8BEE-827C3DC9FE00}.Release|Any CPU.ActiveCfg = Release|Any CPU
		{AC523AE6-98D5-4B9B-8BEE-827C3DC9FE00}.Release|Any CPU.Build.0 = Release|Any CPU
		{1F999FEC-A4B6-48A6-B43F-390E17426DC7}.Debug|Any CPU.ActiveCfg = Debug|Any CPU
		{1F999FEC-A4B6-48A6-B43F-390E17426DC7}.Debug|Any CPU.Build.0 = Debug|Any CPU
		{1F999FEC-A4B6-48A6-B43F-390E17426DC7}.Release|Any CPU.ActiveCfg = Release|Any CPU
		{1F999FEC-A4B6-48A6-B43F-390E17426DC7}.Release|Any CPU.Build.0 = Release|Any CPU
	EndGlobalSection
	GlobalSection(SolutionProperties) = preSolution
		HideSolutionNode = FALSE
	EndGlobalSection
EndGlobal
