
Microsoft Visual Studio Solution File, Format Version 12.00
# Visual Studio 2012
Project("{FAE04EC0-301F-11D3-BF4B-00C04F79EFBC}") = "Lib", "Lib\Lib.csproj", "{BBE1FD96-ACAA-4A55-B70E-828BEFAD9805}"
EndProject
Project("{FAE04EC0-301F-11D3-BF4B-00C04F79EFBC}") = "Test", "Test\Test.csproj", "{F6040FAF-2B47-42FD-A840-127D5F632048}"
EndProject
Global
	GlobalSection(SolutionConfigurationPlatforms) = preSolution
		Debug|Any CPU = Debug|Any CPU
		Release|Any CPU = Release|Any CPU
	EndGlobalSection
	GlobalSection(ProjectConfigurationPlatforms) = postSolution
		{BBE1FD96-ACAA-4A55-B70E-828BEFAD9805}.Debug|Any CPU.ActiveCfg = Debug|Any CPU
		{BBE1FD96-ACAA-4A55-B70E-828BEFAD9805}.Debug|Any CPU.Build.0 = Debug|Any CPU
		{BBE1FD96-ACAA-4A55-B70E-828BEFAD9805}.Release|Any CPU.ActiveCfg = Release|Any CPU
		{BBE1FD96-ACAA-4A55-B70E-828BEFAD9805}.Release|Any CPU.Build.0 = Release|Any CPU
		{F6040FAF-2B47-42FD-A840-127D5F632048}.Debug|Any CPU.ActiveCfg = Debug|Any CPU
		{F6040FAF-2B47-42FD-A840-127D5F632048}.Debug|Any CPU.Build.0 = Debug|Any CPU
		{F6040FAF-2B47-42FD-A840-127D5F632048}.Release|Any CPU.ActiveCfg = Release|Any CPU
		{F6040FAF-2B47-42FD-A840-127D5F632048}.Release|Any CPU.Build.0 = Release|Any CPU
	EndGlobalSection
	GlobalSection(SolutionProperties) = preSolution
		HideSolutionNode = FALSE
	EndGlobalSection
EndGlobal
